
Microsoft Visual Studio Solution File, Format Version 12.00
# Visual Studio Version 16
VisualStudioVersion = 16.0.29215.179
MinimumVisualStudioVersion = 10.0.40219.1
Project("{FAE04EC0-301F-11D3-BF4B-00C04F79EFBC}") = "GraphicsExamples", "GraphicsExamples\GraphicsExamples.csproj", "{1F579468-A300-432D-8263-2EE0951516DD}"
EndProject
Global
	GlobalSection(SolutionConfigurationPlatforms) = preSolution
		Debug|Any CPU = Debug|Any CPU
		Release|Any CPU = Release|Any CPU
	EndGlobalSection
	GlobalSection(ProjectConfigurationPlatforms) = postSolution
		{1F579468-A300-432D-8263-2EE0951516DD}.Debug|Any CPU.ActiveCfg = Debug|Any CPU
		{1F579468-A300-432D-8263-2EE0951516DD}.Debug|Any CPU.Build.0 = Debug|Any CPU
		{1F579468-A300-432D-8263-2EE0951516DD}.Release|Any CPU.ActiveCfg = Release|Any CPU
		{1F579468-A300-432D-8263-2EE0951516DD}.Release|Any CPU.Build.0 = Release|Any CPU
	EndGlobalSection
	GlobalSection(SolutionProperties) = preSolution
		HideSolutionNode = FALSE
	EndGlobalSection
	GlobalSection(ExtensibilityGlobals) = postSolution
		SolutionGuid = {A6DEEA18-B46E-459A-ABA2-6D8EF8AAD4DA}
	EndGlobalSection
EndGlobal
